{
  "name": "convert-units",
  "version": "2.3.4",
  "lockfileVersion": 1,
  "requires": true,
  "dependencies": {
    "ansi-styles": {
      "version": "1.0.0",
      "resolved": "https://registry.npmjs.org/ansi-styles/-/ansi-styles-1.0.0.tgz",
      "integrity": "sha1-yxAt8cVvUSPquLZ817mAJ6AnkXg=",
      "dev": true
    },
    "assert-diff": {
      "version": "1.2.4",
      "resolved": "https://registry.npmjs.org/assert-diff/-/assert-diff-1.2.4.tgz",
      "integrity": "sha512-4zOabC/dGgjVAZBlFTIVCu9+8u7N5DconBCj7E1L0Dqe1Ct7qCcQY4jdMoQM88HCjhPMq39wj/1YCweyWfVf2A==",
      "dev": true,
      "requires": {
        "assert-plus": "1.0.0",
        "json-diff": "0.5.2"
      }
    },
    "assert-plus": {
      "version": "1.0.0",
      "resolved": "https://registry.npmjs.org/assert-plus/-/assert-plus-1.0.0.tgz",
      "integrity": "sha1-8S4PPF13sLHN2RRpQuTpbB5N1SU=",
      "dev": true
    },
    "async": {
      "version": "0.9.2",
      "resolved": "https://registry.npmjs.org/async/-/async-0.9.2.tgz",
      "integrity": "sha1-rqdNXmHB+JlhO/ZL2mbUx48v0X0=",
      "dev": true
    },
    "balanced-match": {
      "version": "1.0.0",
      "resolved": "https://registry.npmjs.org/balanced-match/-/balanced-match-1.0.0.tgz",
      "integrity": "sha1-ibTRmasr7kneFk6gK4nORi1xt2c=",
      "dev": true
    },
    "brace-expansion": {
      "version": "1.1.8",
      "resolved": "https://registry.npmjs.org/brace-expansion/-/brace-expansion-1.1.8.tgz",
      "integrity": "sha1-wHshHHyVLsH479Uad+8NHTmQopI=",
      "dev": true,
      "requires": {
        "balanced-match": "1.0.0",
        "concat-map": "0.0.1"
      }
    },
    "chalk": {
      "version": "0.4.0",
      "resolved": "https://registry.npmjs.org/chalk/-/chalk-0.4.0.tgz",
      "integrity": "sha1-UZmj3c0MHv4jvAjBsCewYXbgxk8=",
      "dev": true,
      "requires": {
        "ansi-styles": "1.0.0",
        "has-color": "0.1.7",
        "strip-ansi": "0.1.1"
      }
    },
    "cli-color": {
      "version": "0.1.7",
      "resolved": "https://registry.npmjs.org/cli-color/-/cli-color-0.1.7.tgz",
      "integrity": "sha1-rcMgD6RxzCEbDaf1ZrcemLnWc0c=",
      "dev": true,
      "requires": {
        "es5-ext": "0.8.2"
      }
    },
    "concat-map": {
      "version": "0.0.1",
      "resolved": "https://registry.npmjs.org/concat-map/-/concat-map-0.0.1.tgz",
      "integrity": "sha1-2Klr13/Wjfd5OnMDajug1UBdR3s=",
      "dev": true
    },
    "difflib": {
      "version": "0.2.4",
      "resolved": "https://registry.npmjs.org/difflib/-/difflib-0.2.4.tgz",
      "integrity": "sha1-teMDYabbAjF21WKJLbhZQKcY9H4=",
      "dev": true,
      "requires": {
        "heap": "0.2.6"
      }
    },
    "dreamopt": {
      "version": "0.6.0",
      "resolved": "https://registry.npmjs.org/dreamopt/-/dreamopt-0.6.0.tgz",
      "integrity": "sha1-2BPM2sjTnYrVJndVFKE92mZNa0s=",
      "dev": true,
      "requires": {
        "wordwrap": "1.0.0"
      }
    },
    "es5-ext": {
      "version": "0.8.2",
      "resolved": "https://registry.npmjs.org/es5-ext/-/es5-ext-0.8.2.tgz",
      "integrity": "sha1-q6jZ4ZQ6iVrJaDemKjmz9V7NlKs=",
      "dev": true
    },
    "filelist": {
      "version": "0.0.6",
      "resolved": "https://registry.npmjs.org/filelist/-/filelist-0.0.6.tgz",
      "integrity": "sha1-WKZBrR9XV0on/oekQO8xiDS1Vxk=",
      "dev": true,
      "requires": {
        "minimatch": "3.0.4",
        "utilities": "0.0.37"
      },
      "dependencies": {
        "minimatch": {
          "version": "3.0.4",
          "resolved": "https://registry.npmjs.org/minimatch/-/minimatch-3.0.4.tgz",
          "integrity": "sha512-yJHVQEhyqPLUTgt9B83PXu6W3rx4MvvHvSUvToogpwoGDOUQ+yDrR0HRot+yOCdCO7u4hX3pWft6kWBBcqh0UA==",
          "dev": true,
          "requires": {
            "brace-expansion": "1.1.8"
          }
        },
        "utilities": {
          "version": "0.0.37",
          "resolved": "https://registry.npmjs.org/utilities/-/utilities-0.0.37.tgz",
          "integrity": "sha1-o0cNCn9ogULZ6KV87hEo8S4Z4ZY=",
          "dev": true
        }
      }
    },
    "has-color": {
      "version": "0.1.7",
      "resolved": "https://registry.npmjs.org/has-color/-/has-color-0.1.7.tgz",
      "integrity": "sha1-ZxRKUmDDT8PMpnfQQdr1L+e3iy8=",
      "dev": true
    },
    "heap": {
      "version": "0.2.6",
      "resolved": "https://registry.npmjs.org/heap/-/heap-0.2.6.tgz",
      "integrity": "sha1-CH4fELBGky/IWU3Z5tN4r8nR5aw=",
      "dev": true
    },
    "jake": {
      "version": "8.0.12",
      "resolved": "https://registry.npmjs.org/jake/-/jake-8.0.12.tgz",
      "integrity": "sha1-YHTFQvYYfrZHw67lYh/uJZxXjt0=",
      "dev": true,
      "requires": {
        "async": "0.9.2",
        "chalk": "0.4.0",
        "filelist": "0.0.6",
        "minimatch": "0.2.14",
        "utilities": "1.0.5"
      }
    },
    "json-diff": {
      "version": "0.5.2",
      "resolved": "https://registry.npmjs.org/json-diff/-/json-diff-0.5.2.tgz",
      "integrity": "sha512-N7oapTQdD4rLMUtA7d1HATCPY/BpHuSNL1mhvIuoS0u5NideDvyR+gB/ntXB7ejFz/LM0XzPLNUJQcC68n5sBw==",
      "dev": true,
      "requires": {
        "cli-color": "0.1.7",
        "difflib": "0.2.4",
        "dreamopt": "0.6.0"
      }
    },
    "lodash._basebind": {
      "version": "2.3.0",
      "resolved": "https://registry.npmjs.org/lodash._basebind/-/lodash._basebind-2.3.0.tgz",
      "integrity": "sha1-K1vEUqDhBhQ7IYafIzvbWHQX0kg=",
      "requires": {
        "lodash._basecreate": "2.3.0",
        "lodash._setbinddata": "2.3.0",
        "lodash.isobject": "2.3.0"
      }
    },
    "lodash._basecreate": {
      "version": "2.3.0",
      "resolved": "https://registry.npmjs.org/lodash._basecreate/-/lodash._basecreate-2.3.0.tgz",
      "integrity": "sha1-m4ioak3P97fzxh2Dovz8BnHsneA=",
      "requires": {
        "lodash._renative": "2.3.0",
        "lodash.isobject": "2.3.0",
        "lodash.noop": "2.3.0"
      }
    },
    "lodash._basecreatecallback": {
      "version": "2.3.0",
      "resolved": "https://registry.npmjs.org/lodash._basecreatecallback/-/lodash._basecreatecallback-2.3.0.tgz",
      "integrity": "sha1-N7KrF1kaM56YjbMln81GAZ16w2I=",
      "requires": {
        "lodash._setbinddata": "2.3.0",
        "lodash.bind": "2.3.0",
        "lodash.identity": "2.3.0",
        "lodash.support": "2.3.0"
      }
    },
    "lodash._basecreatewrapper": {
      "version": "2.3.0",
      "resolved": "https://registry.npmjs.org/lodash._basecreatewrapper/-/lodash._basecreatewrapper-2.3.0.tgz",
      "integrity": "sha1-qgxhrZYETDkzN2ExSDqXWcNlEkc=",
      "requires": {
        "lodash._basecreate": "2.3.0",
        "lodash._setbinddata": "2.3.0",
        "lodash._slice": "2.3.0",
        "lodash.isobject": "2.3.0"
      }
    },
    "lodash._createwrapper": {
      "version": "2.3.0",
      "resolved": "https://registry.npmjs.org/lodash._createwrapper/-/lodash._createwrapper-2.3.0.tgz",
      "integrity": "sha1-0arhEC2t9EDo4G/BM6bt1/4UYHU=",
      "requires": {
        "lodash._basebind": "2.3.0",
        "lodash._basecreatewrapper": "2.3.0",
        "lodash.isfunction": "2.3.0"
      }
    },
    "lodash._objecttypes": {
      "version": "2.3.0",
      "resolved": "https://registry.npmjs.org/lodash._objecttypes/-/lodash._objecttypes-2.3.0.tgz",
      "integrity": "sha1-aj6jmH3W7rgCGy1cnDA1Scwrrh4="
    },
    "lodash._renative": {
      "version": "2.3.0",
      "resolved": "https://registry.npmjs.org/lodash._renative/-/lodash._renative-2.3.0.tgz",
      "integrity": "sha1-d9jt1M7SbdWXH54Vpfdy5OMX+9M="
    },
    "lodash._setbinddata": {
      "version": "2.3.0",
      "resolved": "https://registry.npmjs.org/lodash._setbinddata/-/lodash._setbinddata-2.3.0.tgz",
      "integrity": "sha1-5WEEkKzRMnfVmFjZW18nJ/FQjwQ=",
      "requires": {
        "lodash._renative": "2.3.0",
        "lodash.noop": "2.3.0"
      }
    },
    "lodash._shimkeys": {
      "version": "2.3.0",
      "resolved": "https://registry.npmjs.org/lodash._shimkeys/-/lodash._shimkeys-2.3.0.tgz",
      "integrity": "sha1-YR+TFJ4+bHIQlrSHae8pU3rai6k=",
      "requires": {
        "lodash._objecttypes": "2.3.0"
      }
    },
    "lodash._slice": {
      "version": "2.3.0",
      "resolved": "https://registry.npmjs.org/lodash._slice/-/lodash._slice-2.3.0.tgz",
      "integrity": "sha1-FHGYEyhZly5GgMoppZkshVZpqlw="
    },
    "lodash.bind": {
      "version": "2.3.0",
      "resolved": "https://registry.npmjs.org/lodash.bind/-/lodash.bind-2.3.0.tgz",
      "integrity": "sha1-wqjhi2jl7MFS4rFoJmEW/qWwFsw=",
      "requires": {
        "lodash._createwrapper": "2.3.0",
        "lodash._renative": "2.3.0",
        "lodash._slice": "2.3.0"
      }
    },
    "lodash.foreach": {
      "version": "2.3.0",
      "resolved": "https://registry.npmjs.org/lodash.foreach/-/lodash.foreach-2.3.0.tgz",
      "integrity": "sha1-CDQEyR6EbudyRf3512UZxosq8Wg=",
      "requires": {
        "lodash._basecreatecallback": "2.3.0",
        "lodash.forown": "2.3.0"
      }
    },
    "lodash.forown": {
      "version": "2.3.0",
      "resolved": "https://registry.npmjs.org/lodash.forown/-/lodash.forown-2.3.0.tgz",
      "integrity": "sha1-JPtKr4ANRfwtxgv+w84EyDajrX8=",
      "requires": {
        "lodash._basecreatecallback": "2.3.0",
        "lodash._objecttypes": "2.3.0",
        "lodash.keys": "2.3.0"
      }
    },
    "lodash.identity": {
      "version": "2.3.0",
      "resolved": "https://registry.npmjs.org/lodash.identity/-/lodash.identity-2.3.0.tgz",
      "integrity": "sha1-awGiEMlIU1XCqRO0i2cRIZoXPe0="
    },
    "lodash.isfunction": {
      "version": "2.3.0",
      "resolved": "https://registry.npmjs.org/lodash.isfunction/-/lodash.isfunction-2.3.0.tgz",
      "integrity": "sha1-aylz5HpkfPEucNZ2rqE2Q3BuUmc="
    },
    "lodash.isobject": {
      "version": "2.3.0",
      "resolved": "https://registry.npmjs.org/lodash.isobject/-/lodash.isobject-2.3.0.tgz",
      "integrity": "sha1-LhbT/Fg9qYMZaJU/LY5tc0NPZ5k=",
      "requires": {
        "lodash._objecttypes": "2.3.0"
      }
    },
    "lodash.keys": {
      "version": "2.3.0",
      "resolved": "https://registry.npmjs.org/lodash.keys/-/lodash.keys-2.3.0.tgz",
      "integrity": "sha1-s1D0+Syqn0WkouzwGEVM8vKK4lM=",
      "requires": {
        "lodash._renative": "2.3.0",
        "lodash._shimkeys": "2.3.0",
        "lodash.isobject": "2.3.0"
      }
    },
    "lodash.noop": {
      "version": "2.3.0",
      "resolved": "https://registry.npmjs.org/lodash.noop/-/lodash.noop-2.3.0.tgz",
      "integrity": "sha1-MFnWKNUbv5N80qC2/Dp/ISpmnCw="
    },
    "lodash.support": {
      "version": "2.3.0",
      "resolved": "https://registry.npmjs.org/lodash.support/-/lodash.support-2.3.0.tgz",
      "integrity": "sha1-fq8DivTw1qq3drRKptz8gDNMm/0=",
      "requires": {
        "lodash._renative": "2.3.0"
      }
    },
    "lru-cache": {
      "version": "2.7.3",
      "resolved": "https://registry.npmjs.org/lru-cache/-/lru-cache-2.7.3.tgz",
      "integrity": "sha1-bUUk6LlV+V1PW1iFHOId1y+06VI=",
      "dev": true
    },
    "minimatch": {
      "version": "0.2.14",
      "resolved": "https://registry.npmjs.org/minimatch/-/minimatch-0.2.14.tgz",
      "integrity": "sha1-x054BXT2PG+aCQ6Q775u9TpqdWo=",
      "dev": true,
      "requires": {
        "lru-cache": "2.7.3",
        "sigmund": "1.0.1"
      }
    },
    "sigmund": {
      "version": "1.0.1",
      "resolved": "https://registry.npmjs.org/sigmund/-/sigmund-1.0.1.tgz",
      "integrity": "sha1-P/IfGYytIXX587eBhT/ZTQ0ZtZA=",
      "dev": true
    },
    "strip-ansi": {
      "version": "0.1.1",
      "resolved": "https://registry.npmjs.org/strip-ansi/-/strip-ansi-0.1.1.tgz",
      "integrity": "sha1-OeipjQRNFQZgq+SmgIrPcLt7yZE=",
      "dev": true
    },
    "utilities": {
      "version": "1.0.5",
      "resolved": "https://registry.npmjs.org/utilities/-/utilities-1.0.5.tgz",
      "integrity": "sha1-8rd6iPNRBzP8chW1xIalBKdaskU=",
      "dev": true
    },
    "wordwrap": {
      "version": "1.0.0",
      "resolved": "https://registry.npmjs.org/wordwrap/-/wordwrap-1.0.0.tgz",
      "integrity": "sha1-J1hIEIkUVqQXHI0CJkQa3pDLyus=",
      "dev": true
    }
  }
}
