# THIS IS AN AUTOGENERATED FILE. DO NOT EDIT THIS FILE DIRECTLY.
# yarn lockfile v1


ansi-styles@~1.0.0:
  version "1.0.0"
  resolved "https://registry.yarnpkg.com/ansi-styles/-/ansi-styles-1.0.0.tgz#cb102df1c56f5123eab8b67cd7b98027a0279178"
  integrity sha1-yxAt8cVvUSPquLZ817mAJ6AnkXg=

assert-diff@^1.1.0:
  version "1.2.6"
  resolved "https://registry.yarnpkg.com/assert-diff/-/assert-diff-1.2.6.tgz#1b44d6f24a7e3018f557768ee350ae9a732c2fc6"
  integrity sha512-cKyCfCQrLsHubcvDo4n5lGJPxN5gwpm4Hmsjs9/DJCFs4a5jiNvhKRxKP2DZGxNxOf9Iv3pxOoBSCQ+8eiNIKA==
  dependencies:
    assert-plus "1.0.0"
    json-diff "0.5.2"

assert-plus@1.0.0:
  version "1.0.0"
  resolved "https://registry.yarnpkg.com/assert-plus/-/assert-plus-1.0.0.tgz#f12e0f3c5d77b0b1cdd9146942e4e96c1e4dd525"
  integrity sha1-8S4PPF13sLHN2RRpQuTpbB5N1SU=

async@0.9.x:
  version "0.9.2"
  resolved "https://registry.yarnpkg.com/async/-/async-0.9.2.tgz#aea74d5e61c1f899613bf64bda66d4c78f2fd17d"
  integrity sha1-rqdNXmHB+JlhO/ZL2mbUx48v0X0=

balanced-match@^1.0.0:
  version "1.0.0"
  resolved "https://registry.yarnpkg.com/balanced-match/-/balanced-match-1.0.0.tgz#89b4d199ab2bee49de164ea02b89ce462d71b767"
  integrity sha1-ibTRmasr7kneFk6gK4nORi1xt2c=

brace-expansion@^1.1.7:
  version "1.1.11"
  resolved "https://registry.yarnpkg.com/brace-expansion/-/brace-expansion-1.1.11.tgz#3c7fcbf529d87226f3d2f52b966ff5271eb441dd"
  integrity sha512-iCuPHDFgrHX7H2vEI/5xpz07zSHB00TpugqhmYtVmMO6518mCuRMoOYFldEBl0g187ufozdaHgWKcYFb61qGiA==
  dependencies:
    balanced-match "^1.0.0"
    concat-map "0.0.1"

chalk@0.4.x:
  version "0.4.0"
  resolved "https://registry.yarnpkg.com/chalk/-/chalk-0.4.0.tgz#5199a3ddcd0c1efe23bc08c1b027b06176e0c64f"
  integrity sha1-UZmj3c0MHv4jvAjBsCewYXbgxk8=
  dependencies:
    ansi-styles "~1.0.0"
    has-color "~0.1.0"
    strip-ansi "~0.1.0"

cli-color@~0.1.6:
  version "0.1.7"
  resolved "https://registry.yarnpkg.com/cli-color/-/cli-color-0.1.7.tgz#adc3200fa471cc211b0da7f566b71e98b9d67347"
  integrity sha1-rcMgD6RxzCEbDaf1ZrcemLnWc0c=
  dependencies:
    es5-ext "0.8.x"

concat-map@0.0.1:
  version "0.0.1"
  resolved "https://registry.yarnpkg.com/concat-map/-/concat-map-0.0.1.tgz#d8a96bd77fd68df7793a73036a3ba0d5405d477b"
  integrity sha1-2Klr13/Wjfd5OnMDajug1UBdR3s=

difflib@~0.2.1:
  version "0.2.4"
  resolved "https://registry.yarnpkg.com/difflib/-/difflib-0.2.4.tgz#b5e30361a6db023176d562892db85940a718f47e"
  integrity sha1-teMDYabbAjF21WKJLbhZQKcY9H4=
  dependencies:
    heap ">= 0.2.0"

dreamopt@~0.6.0:
  version "0.6.0"
  resolved "https://registry.yarnpkg.com/dreamopt/-/dreamopt-0.6.0.tgz#d813ccdac8d39d8ad526775514a13dda664d6b4b"
  integrity sha1-2BPM2sjTnYrVJndVFKE92mZNa0s=
  dependencies:
    wordwrap ">=0.0.2"

es5-ext@0.8.x:
  version "0.8.2"
  resolved "https://registry.yarnpkg.com/es5-ext/-/es5-ext-0.8.2.tgz#aba8d9e1943a895ac96837a62a39b3f55ecd94ab"
  integrity sha1-q6jZ4ZQ6iVrJaDemKjmz9V7NlKs=

filelist@0.0.x:
  version "0.0.6"
  resolved "https://registry.yarnpkg.com/filelist/-/filelist-0.0.6.tgz#58a641ad1f57574a27fe87a440ef318834b55719"
  integrity sha1-WKZBrR9XV0on/oekQO8xiDS1Vxk=
  dependencies:
    minimatch "^3.0.3"
    utilities "^0.0.37"

has-color@~0.1.0:
  version "0.1.7"
  resolved "https://registry.yarnpkg.com/has-color/-/has-color-0.1.7.tgz#67144a5260c34fc3cca677d041daf52fe7b78b2f"
  integrity sha1-ZxRKUmDDT8PMpnfQQdr1L+e3iy8=

"heap@>= 0.2.0":
  version "0.2.6"
  resolved "https://registry.yarnpkg.com/heap/-/heap-0.2.6.tgz#087e1f10b046932fc8594dd9e6d378afc9d1e5ac"
  integrity sha1-CH4fELBGky/IWU3Z5tN4r8nR5aw=

jake@8.0.12:
  version "8.0.12"
  resolved "https://registry.yarnpkg.com/jake/-/jake-8.0.12.tgz#6074c542f6187eb647c3aee5621fee259c578edd"
  integrity sha1-YHTFQvYYfrZHw67lYh/uJZxXjt0=
  dependencies:
    async "0.9.x"
    chalk "0.4.x"
    filelist "0.0.x"
    minimatch "0.2.x"
    utilities "1.0.x"

json-diff@0.5.2:
  version "0.5.2"
  resolved "https://registry.yarnpkg.com/json-diff/-/json-diff-0.5.2.tgz#e0bc9e434cd2c4c6354487835e01bf3fed335cda"
  integrity sha512-N7oapTQdD4rLMUtA7d1HATCPY/BpHuSNL1mhvIuoS0u5NideDvyR+gB/ntXB7ejFz/LM0XzPLNUJQcC68n5sBw==
  dependencies:
    cli-color "~0.1.6"
    difflib "~0.2.1"
    dreamopt "~0.6.0"

lodash._basebind@~2.3.0:
  version "2.3.0"
  resolved "https://registry.yarnpkg.com/lodash._basebind/-/lodash._basebind-2.3.0.tgz#2b5bc452a0e106143b21869f233bdb587417d248"
  integrity sha1-K1vEUqDhBhQ7IYafIzvbWHQX0kg=
  dependencies:
    lodash._basecreate "~2.3.0"
    lodash._setbinddata "~2.3.0"
    lodash.isobject "~2.3.0"

lodash._basecreate@~2.3.0:
  version "2.3.0"
  resolved "https://registry.yarnpkg.com/lodash._basecreate/-/lodash._basecreate-2.3.0.tgz#9b88a86a4dcff7b7f3c61d83a2fcfc0671ec9de0"
  integrity sha1-m4ioak3P97fzxh2Dovz8BnHsneA=
  dependencies:
    lodash._renative "~2.3.0"
    lodash.isobject "~2.3.0"
    lodash.noop "~2.3.0"

lodash._basecreatecallback@~2.3.0:
  version "2.3.0"
  resolved "https://registry.yarnpkg.com/lodash._basecreatecallback/-/lodash._basecreatecallback-2.3.0.tgz#37b2ab17591a339e988db3259fcd46019d7ac362"
  integrity sha1-N7KrF1kaM56YjbMln81GAZ16w2I=
  dependencies:
    lodash._setbinddata "~2.3.0"
    lodash.bind "~2.3.0"
    lodash.identity "~2.3.0"
    lodash.support "~2.3.0"

lodash._basecreatewrapper@~2.3.0:
  version "2.3.0"
  resolved "https://registry.yarnpkg.com/lodash._basecreatewrapper/-/lodash._basecreatewrapper-2.3.0.tgz#aa0c61ad96044c3933376131483a9759c3651247"
  integrity sha1-qgxhrZYETDkzN2ExSDqXWcNlEkc=
  dependencies:
    lodash._basecreate "~2.3.0"
    lodash._setbinddata "~2.3.0"
    lodash._slice "~2.3.0"
    lodash.isobject "~2.3.0"

lodash._createwrapper@~2.3.0:
  version "2.3.0"
  resolved "https://registry.yarnpkg.com/lodash._createwrapper/-/lodash._createwrapper-2.3.0.tgz#d1aae1102dadf440e8e06fc133a6edd7fe146075"
  integrity sha1-0arhEC2t9EDo4G/BM6bt1/4UYHU=
  dependencies:
    lodash._basebind "~2.3.0"
    lodash._basecreatewrapper "~2.3.0"
    lodash.isfunction "~2.3.0"

lodash._objecttypes@~2.3.0:
  version "2.3.0"
  resolved "https://registry.yarnpkg.com/lodash._objecttypes/-/lodash._objecttypes-2.3.0.tgz#6a3ea3987dd6eeb8021b2d5c9c303549cc2bae1e"
  integrity sha1-aj6jmH3W7rgCGy1cnDA1Scwrrh4=

lodash._renative@~2.3.0:
  version "2.3.0"
  resolved "https://registry.yarnpkg.com/lodash._renative/-/lodash._renative-2.3.0.tgz#77d8edd4ced26dd5971f9e15a5f772e4e317fbd3"
  integrity sha1-d9jt1M7SbdWXH54Vpfdy5OMX+9M=

lodash._setbinddata@~2.3.0:
  version "2.3.0"
  resolved "https://registry.yarnpkg.com/lodash._setbinddata/-/lodash._setbinddata-2.3.0.tgz#e5610490acd13277d59858d95b5f2727f1508f04"
  integrity sha1-5WEEkKzRMnfVmFjZW18nJ/FQjwQ=
  dependencies:
    lodash._renative "~2.3.0"
    lodash.noop "~2.3.0"

lodash._shimkeys@~2.3.0:
  version "2.3.0"
  resolved "https://registry.yarnpkg.com/lodash._shimkeys/-/lodash._shimkeys-2.3.0.tgz#611f93149e3e6c721096b48769ef29537ada8ba9"
  integrity sha1-YR+TFJ4+bHIQlrSHae8pU3rai6k=
  dependencies:
    lodash._objecttypes "~2.3.0"

lodash._slice@~2.3.0:
  version "2.3.0"
  resolved "https://registry.yarnpkg.com/lodash._slice/-/lodash._slice-2.3.0.tgz#147198132859972e4680ca29a5992c855669aa5c"
  integrity sha1-FHGYEyhZly5GgMoppZkshVZpqlw=

lodash.bind@~2.3.0:
  version "2.3.0"
  resolved "https://registry.yarnpkg.com/lodash.bind/-/lodash.bind-2.3.0.tgz#c2a8e18b68e5ecc152e2b168266116fea5b016cc"
  integrity sha1-wqjhi2jl7MFS4rFoJmEW/qWwFsw=
  dependencies:
    lodash._createwrapper "~2.3.0"
    lodash._renative "~2.3.0"
    lodash._slice "~2.3.0"

lodash.foreach@2.3.x:
  version "2.3.0"
  resolved "https://registry.yarnpkg.com/lodash.foreach/-/lodash.foreach-2.3.0.tgz#083404c91e846ee77245fdf9d76519c68b2af168"
  integrity sha1-CDQEyR6EbudyRf3512UZxosq8Wg=
  dependencies:
    lodash._basecreatecallback "~2.3.0"
    lodash.forown "~2.3.0"

lodash.forown@~2.3.0:
  version "2.3.0"
  resolved "https://registry.yarnpkg.com/lodash.forown/-/lodash.forown-2.3.0.tgz#24fb4aaf800d45fc2dc60bfec3ce04c836a3ad7f"
  integrity sha1-JPtKr4ANRfwtxgv+w84EyDajrX8=
  dependencies:
    lodash._basecreatecallback "~2.3.0"
    lodash._objecttypes "~2.3.0"
    lodash.keys "~2.3.0"

lodash.identity@~2.3.0:
  version "2.3.0"
  resolved "https://registry.yarnpkg.com/lodash.identity/-/lodash.identity-2.3.0.tgz#6b01a210c9485355c2a913b48b6711219a173ded"
  integrity sha1-awGiEMlIU1XCqRO0i2cRIZoXPe0=

lodash.isfunction@~2.3.0:
  version "2.3.0"
  resolved "https://registry.yarnpkg.com/lodash.isfunction/-/lodash.isfunction-2.3.0.tgz#6b2973e47a647cf12e70d676aea13643706e5267"
  integrity sha1-aylz5HpkfPEucNZ2rqE2Q3BuUmc=

lodash.isobject@~2.3.0:
  version "2.3.0"
  resolved "https://registry.yarnpkg.com/lodash.isobject/-/lodash.isobject-2.3.0.tgz#2e16d3fc583da9831968953f2d8e6d73434f6799"
  integrity sha1-LhbT/Fg9qYMZaJU/LY5tc0NPZ5k=
  dependencies:
    lodash._objecttypes "~2.3.0"

lodash.keys@2.3.x, lodash.keys@~2.3.0:
  version "2.3.0"
  resolved "https://registry.yarnpkg.com/lodash.keys/-/lodash.keys-2.3.0.tgz#b350f4f92caa9f45a4a2ecf018454cf2f28ae253"
  integrity sha1-s1D0+Syqn0WkouzwGEVM8vKK4lM=
  dependencies:
    lodash._renative "~2.3.0"
    lodash._shimkeys "~2.3.0"
    lodash.isobject "~2.3.0"

lodash.noop@~2.3.0:
  version "2.3.0"
  resolved "https://registry.yarnpkg.com/lodash.noop/-/lodash.noop-2.3.0.tgz#3059d628d51bbf937cd2a0b6fc3a7f212a669c2c"
  integrity sha1-MFnWKNUbv5N80qC2/Dp/ISpmnCw=

lodash.support@~2.3.0:
  version "2.3.0"
  resolved "https://registry.yarnpkg.com/lodash.support/-/lodash.support-2.3.0.tgz#7eaf038af4f0d6aab776b44aa6dcfc80334c9bfd"
  integrity sha1-fq8DivTw1qq3drRKptz8gDNMm/0=
  dependencies:
    lodash._renative "~2.3.0"

lru-cache@2:
  version "2.7.3"
  resolved "https://registry.yarnpkg.com/lru-cache/-/lru-cache-2.7.3.tgz#6d4524e8b955f95d4f5b58851ce21dd72fb4e952"
  integrity sha1-bUUk6LlV+V1PW1iFHOId1y+06VI=

minimatch@0.2.x:
  version "0.2.14"
  resolved "https://registry.yarnpkg.com/minimatch/-/minimatch-0.2.14.tgz#c74e780574f63c6f9a090e90efbe6ef53a6a756a"
  integrity sha1-x054BXT2PG+aCQ6Q775u9TpqdWo=
  dependencies:
    lru-cache "2"
    sigmund "~1.0.0"

minimatch@^3.0.3:
  version "3.0.4"
  resolved "https://registry.yarnpkg.com/minimatch/-/minimatch-3.0.4.tgz#5166e286457f03306064be5497e8dbb0c3d32083"
  integrity sha512-yJHVQEhyqPLUTgt9B83PXu6W3rx4MvvHvSUvToogpwoGDOUQ+yDrR0HRot+yOCdCO7u4hX3pWft6kWBBcqh0UA==
  dependencies:
    brace-expansion "^1.1.7"

sigmund@~1.0.0:
  version "1.0.1"
  resolved "https://registry.yarnpkg.com/sigmund/-/sigmund-1.0.1.tgz#3ff21f198cad2175f9f3b781853fd94d0d19b590"
  integrity sha1-P/IfGYytIXX587eBhT/ZTQ0ZtZA=

strip-ansi@~0.1.0:
  version "0.1.1"
  resolved "https://registry.yarnpkg.com/strip-ansi/-/strip-ansi-0.1.1.tgz#39e8a98d044d150660abe4a6808acf70bb7bc991"
  integrity sha1-OeipjQRNFQZgq+SmgIrPcLt7yZE=

utilities@1.0.x:
  version "1.0.5"
  resolved "https://registry.yarnpkg.com/utilities/-/utilities-1.0.5.tgz#f2b77a88f3510733fc7215b5c486a504a75ab245"
  integrity sha1-8rd6iPNRBzP8chW1xIalBKdaskU=

utilities@^0.0.37:
  version "0.0.37"
  resolved "https://registry.yarnpkg.com/utilities/-/utilities-0.0.37.tgz#a3470d0a7f688142d9e8a57cee1128f12e19e196"
  integrity sha1-o0cNCn9ogULZ6KV87hEo8S4Z4ZY=

wordwrap@>=0.0.2:
  version "1.0.0"
  resolved "https://registry.yarnpkg.com/wordwrap/-/wordwrap-1.0.0.tgz#27584810891456a4171c8d0226441ade90cbcaeb"
  integrity sha1-J1hIEIkUVqQXHI0CJkQa3pDLyus=
